{
    "_readme": [
        "This file locks the dependencies of your project to a known state",
        "Read more about it at https://getcomposer.org/doc/01-basic-usage.md#composer-lock-the-lock-file",
        "This file is @generated automatically"
    ],
    "hash": "fd7291ed47578f905ba553ca56b0ae39",
    "content-hash": "ef180f612dbc5fff992c296c7d1804f9",
    "packages": [],
    "packages-dev": [
        {
            "name": "crysalead/box",
            "version": "1.0.1",
            "source": {
                "type": "git",
                "url": "https://github.com/crysalead/box.git",
                "reference": "1c2fbbf73cf29aedf7f1c0dc0d367c7c0f2e5771"
            },
            "dist": {
                "type": "zip",
                "url": "https://api.github.com/repos/crysalead/box/zipball/1c2fbbf73cf29aedf7f1c0dc0d367c7c0f2e5771",
                "reference": "1c2fbbf73cf29aedf7f1c0dc0d367c7c0f2e5771",
                "shasum": ""
            },
            "require": {
                "php": ">=5.4"
            },
            "require-dev": {
                "crysalead/kahlan": "dev-master"
            },
            "type": "library",
            "autoload": {
                "psr-4": {
                    "box\\": "src/",
                    "box\\spec\\": "spec/"
                },
                "files": [
                    "src/init.php"
                ]
            },
            "notification-url": "https://packagist.org/downloads/",
            "license": [
                "MIT"
            ],
            "description": "Minimalist Dependency Injection Container.",
            "keywords": [
                "dependency injection",
                "dependency injection container",
                "inversion of control",
                "ioc"
            ],
            "time": "2015-03-21 00:44:48"
        },
        {
            "name": "crysalead/code",
            "version": "1.1.0",
            "source": {
                "type": "git",
                "url": "https://github.com/crysalead/code.git",
                "reference": "7b6055592fa202a100daf1f4a89b1bb38644ed36"
            },
            "dist": {
                "type": "zip",
                "url": "https://api.github.com/repos/crysalead/code/zipball/7b6055592fa202a100daf1f4a89b1bb38644ed36",
                "reference": "7b6055592fa202a100daf1f4a89b1bb38644ed36",
                "shasum": ""
            },
            "require": {
                "php": ">=5.5"
            },
            "require-dev": {
                "crysalead/kahlan": "dev-master"
            },
            "type": "library",
            "autoload": {
                "psr-4": {
                    "code\\": "src/",
                    "code\\spec\\": "spec/"
                }
            },
            "notification-url": "https://packagist.org/downloads/",
            "license": [
                "MIT"
            ],
            "authors": [
                {
                    "name": "CrysaLEAD"
                }
            ],
            "description": "Runs callables with a timeout",
            "keywords": [
                "timeout"
            ],
            "time": "2015-10-17 00:33:41"
        },
        {
            "name": "crysalead/dir",
            "version": "1.0.0",
            "source": {
                "type": "git",
                "url": "https://github.com/crysalead/dir.git",
                "reference": "4d86ccfdb5e2466bca006e76515f51fba4d0b652"
            },
            "dist": {
                "type": "zip",
                "url": "https://api.github.com/repos/crysalead/dir/zipball/4d86ccfdb5e2466bca006e76515f51fba4d0b652",
                "reference": "4d86ccfdb5e2466bca006e76515f51fba4d0b652",
                "shasum": ""
            },
            "require": {
                "php": ">=5.4"
            },
            "require-dev": {
                "crysalead/kahlan": "dev-master"
            },
            "type": "library",
            "autoload": {
                "psr-4": {
                    "dir\\": "src/",
                    "dir\\spec\\": "spec/"
                }
            },
            "notification-url": "https://packagist.org/downloads/",
            "license": [
                "MIT"
            ],
            "description": "Recursive directory scanner to locate directories and/or files in a file system",
            "keywords": [
                "Directory Scanner",
                "directory",
                "file",
                "file system"
            ],
            "time": "2015-03-19 13:42:41"
        },
        {
            "name": "crysalead/filter",
            "version": "1.1.0",
            "source": {
                "type": "git",
                "url": "https://github.com/crysalead/filter.git",
                "reference": "124c5d62181e650b2217cbe416deaa87058eec9f"
            },
            "dist": {
                "type": "zip",
                "url": "https://api.github.com/repos/crysalead/filter/zipball/124c5d62181e650b2217cbe416deaa87058eec9f",
                "reference": "124c5d62181e650b2217cbe416deaa87058eec9f",
                "shasum": ""
            },
            "require": {
                "crysalead/jit": "~1.0",
                "php": ">=5.4"
            },
            "require-dev": {
                "crysalead/kahlan": "dev-master"
            },
            "type": "library",
            "autoload": {
                "psr-4": {
                    "filter\\": "src/",
                    "filter\\spec\\": "spec/"
                }
            },
            "notification-url": "https://packagist.org/downloads/",
            "license": [
                "MIT"
            ],
            "authors": [
                {
                    "name": "Crysalead"
                }
            ],
            "description": "Method filtering system",
            "keywords": [
                "aop",
                "aspect",
                "aspect programming",
                "method filtering"
            ],
            "time": "2015-10-11 13:57:17"
        },
        {
            "name": "crysalead/jit",
            "version": "1.0.12",
            "source": {
                "type": "git",
                "url": "https://github.com/crysalead/jit.git",
                "reference": "9723b899208ceafc90ecad8e3b3f2769870afaf0"
            },
            "dist": {
                "type": "zip",
                "url": "https://api.github.com/repos/crysalead/jit/zipball/9723b899208ceafc90ecad8e3b3f2769870afaf0",
                "reference": "9723b899208ceafc90ecad8e3b3f2769870afaf0",
                "shasum": ""
            },
            "require": {
                "php": ">=5.4"
            },
            "require-dev": {
                "crysalead/kahlan": "~1.1"
            },
            "type": "library",
            "autoload": {
                "psr-4": {
                    "jit\\": "src/",
                    "jit\\spec\\": "spec/"
                }
            },
            "notification-url": "https://packagist.org/downloads/",
            "license": [
                "MIT"
            ],
            "description": "Just In Time Code Patcher.",
            "keywords": [
                "Code Patcher",
                "jit"
            ],
            "time": "2015-11-07 00:33:08"
        },
        {
            "name": "crysalead/kahlan",
            "version": "1.2.7",
            "source": {
                "type": "git",
                "url": "https://github.com/crysalead/kahlan.git",
                "reference": "56f6d0e5b02c119bdcbb17f777b7a0b145f3d8bd"
            },
            "dist": {
                "type": "zip",
                "url": "https://api.github.com/repos/crysalead/kahlan/zipball/56f6d0e5b02c119bdcbb17f777b7a0b145f3d8bd",
                "reference": "56f6d0e5b02c119bdcbb17f777b7a0b145f3d8bd",
                "shasum": ""
            },
            "require": {
                "crysalead/box": "~1.0",
                "crysalead/code": "~1.1",
                "crysalead/dir": "~1.0",
                "crysalead/filter": "~1.1",
                "crysalead/jit": "~1.0",
                "php": ">=5.5"
            },
            "bin": [
                "bin/kahlan"
            ],
            "type": "library",
            "autoload": {
                "psr-4": {
                    "kahlan\\": "src/",
                    "kahlan\\spec\\": "spec/"
                },
                "files": [
                    "src/init.php"
                ]
            },
            "notification-url": "https://packagist.org/downloads/",
            "license": [
                "MIT"
            ],
            "authors": [
                {
                    "name": "CrysaLEAD"
                }
            ],
            "description": "Behavior-Driven Development (BDD) library.",
            "keywords": [
                "BDD",
                "Behavior-Driven Development",
                "Monkey Patching",
                "TDD",
                "mock",
                "stub",
                "testing",
                "unit test"
            ],
            "time": "2015-11-07 03:55:30"
        }
    ],
    "aliases": [],
    "minimum-stability": "stable",
    "stability-flags": [],
    "prefer-stable": false,
    "prefer-lowest": false,
    "platform": {
        "php": ">=5.5.9"
    },
    "platform-dev": []
}
